// !$*UTF8*$!
{
	archiveVersion = 1;
	classes = {
	};
	objectVersion = 50;
	objects = {

/* Begin PBXBuildFile section */
		46100CD5246D980F004204A6 /* main.cpp in Sources */ = {isa = PBXBuildFile; fileRef = 46100CD4246D980F004204A6 /* main.cpp */; };
		46100CDD246D988F004204A6 /* OpenGL.framework in Frameworks */ = {isa = PBXBuildFile; fileRef = 46100CDC246D988F004204A6 /* OpenGL.framework */; };
		46100CDF246D98E5004204A6 /* libGLEW.2.1.0.dylib in Frameworks */ = {isa = PBXBuildFile; fileRef = 46100CDE246D98E5004204A6 /* libGLEW.2.1.0.dylib */; };
		46100CE1246D9920004204A6 /* libglfw.3.3.dylib in Frameworks */ = {isa = PBXBuildFile; fileRef = 46100CE0246D9920004204A6 /* libglfw.3.3.dylib */; };
		46100CE5247447D1004204A6 /* Mesh.cpp in Sources */ = {isa = PBXBuildFile; fileRef = 46100CE3247447D1004204A6 /* Mesh.cpp */; };
		46100CE824757999004204A6 /* Shader.cpp in Sources */ = {isa = PBXBuildFile; fileRef = 46100CE624757999004204A6 /* Shader.cpp */; };
		46100CEF247592FE004204A6 /* Window.cpp in Sources */ = {isa = PBXBuildFile; fileRef = 46100CED247592FE004204A6 /* Window.cpp */; };
		46100CF2247977E4004204A6 /* Camera.cpp in Sources */ = {isa = PBXBuildFile; fileRef = 46100CF0247977E4004204A6 /* Camera.cpp */; };
		46100CF7247A8B5A004204A6 /* Texture.cpp in Sources */ = {isa = PBXBuildFile; fileRef = 46100CF5247A8B5A004204A6 /* Texture.cpp */; };
		4647CFC7247AD88F00239DC5 /* Light.cpp in Sources */ = {isa = PBXBuildFile; fileRef = 4647CFC5247AD88F00239DC5 /* Light.cpp */; };
		4647CFCA247B102800239DC5 /* Material.cpp in Sources */ = {isa = PBXBuildFile; fileRef = 4647CFC8247B102800239DC5 /* Material.cpp */; };
		4647CFCD247BB9BF00239DC5 /* DirectionalLight.cpp in Sources */ = {isa = PBXBuildFile; fileRef = 4647CFCB247BB9BF00239DC5 /* DirectionalLight.cpp */; };
		4647CFD0247BBDB000239DC5 /* PointLight.cpp in Sources */ = {isa = PBXBuildFile; fileRef = 4647CFCE247BBDB000239DC5 /* PointLight.cpp */; };
		46928374247C1F5F00D1819D /* SpotLight.cpp in Sources */ = {isa = PBXBuildFile; fileRef = 46928372247C1F5F00D1819D /* SpotLight.cpp */; };
		46928376247C3BD600D1819D /* libassimp.5.0.0.dylib in Frameworks */ = {isa = PBXBuildFile; fileRef = 46928375247C3BD600D1819D /* libassimp.5.0.0.dylib */; };
		4692837B247C3E9900D1819D /* Model.cpp in Sources */ = {isa = PBXBuildFile; fileRef = 46928379247C3E9900D1819D /* Model.cpp */; };
		4692837E247D2C8300D1819D /* ShadowMap.cpp in Sources */ = {isa = PBXBuildFile; fileRef = 4692837C247D2C8300D1819D /* ShadowMap.cpp */; };
		46928383247D76BA00D1819D /* OmniShadowMap.cpp in Sources */ = {isa = PBXBuildFile; fileRef = 46928381247D76BA00D1819D /* OmniShadowMap.cpp */; };
/* End PBXBuildFile section */

/* Begin PBXCopyFilesBuildPhase section */
		46100CCF246D980F004204A6 /* CopyFiles */ = {
			isa = PBXCopyFilesBuildPhase;
			buildActionMask = 2147483647;
			dstPath = /usr/share/man/man1/;
			dstSubfolderSpec = 0;
			files = (
			);
			runOnlyForDeploymentPostprocessing = 1;
		};
/* End PBXCopyFilesBuildPhase section */

/* Begin PBXFileReference section */
		46100CD1246D980F004204A6 /* OpenGL Sandbox */ = {isa = PBXFileReference; explicitFileType = "compiled.mach-o.executable"; includeInIndex = 0; path = "OpenGL Sandbox"; sourceTree = BUILT_PRODUCTS_DIR; };
		46100CD4246D980F004204A6 /* main.cpp */ = {isa = PBXFileReference; lastKnownFileType = sourcecode.cpp.cpp; path = main.cpp; sourceTree = "<group>"; };
		46100CDC246D988F004204A6 /* OpenGL.framework */ = {isa = PBXFileReference; lastKnownFileType = wrapper.framework; name = OpenGL.framework; path = System/Library/Frameworks/OpenGL.framework; sourceTree = SDKROOT; };
		46100CDE246D98E5004204A6 /* libGLEW.2.1.0.dylib */ = {isa = PBXFileReference; lastKnownFileType = "compiled.mach-o.dylib"; name = libGLEW.2.1.0.dylib; path = ../../../../usr/local/Cellar/glew/2.1.0_1/lib/libGLEW.2.1.0.dylib; sourceTree = "<group>"; };
		46100CE0246D9920004204A6 /* libglfw.3.3.dylib */ = {isa = PBXFileReference; lastKnownFileType = "compiled.mach-o.dylib"; name = libglfw.3.3.dylib; path = ../../../../usr/local/Cellar/glfw/3.3.2/lib/libglfw.3.3.dylib; sourceTree = "<group>"; };
		46100CE2246D9C9F004204A6 /* OpenGL Sandbox.entitlements */ = {isa = PBXFileReference; lastKnownFileType = text.plist.entitlements; path = "OpenGL Sandbox.entitlements"; sourceTree = "<group>"; };
		46100CE3247447D1004204A6 /* Mesh.cpp */ = {isa = PBXFileReference; lastKnownFileType = sourcecode.cpp.cpp; path = Mesh.cpp; sourceTree = "<group>"; };
		46100CE4247447D1004204A6 /* Mesh.hpp */ = {isa = PBXFileReference; lastKnownFileType = sourcecode.cpp.h; path = Mesh.hpp; sourceTree = "<group>"; };
		46100CE624757999004204A6 /* Shader.cpp */ = {isa = PBXFileReference; lastKnownFileType = sourcecode.cpp.cpp; path = Shader.cpp; sourceTree = "<group>"; };
		46100CE724757999004204A6 /* Shader.hpp */ = {isa = PBXFileReference; lastKnownFileType = sourcecode.cpp.h; path = Shader.hpp; sourceTree = "<group>"; };
		46100CE9247583FC004204A6 /* shader.frag */ = {isa = PBXFileReference; fileEncoding = 4; lastKnownFileType = sourcecode.glsl; name = shader.frag; path = Shaders/shader.frag; sourceTree = "<group>"; };
		46100CEA247583FD004204A6 /* shader.vert */ = {isa = PBXFileReference; fileEncoding = 4; lastKnownFileType = sourcecode.glsl; name = shader.vert; path = Shaders/shader.vert; sourceTree = "<group>"; };
		46100CED247592FE004204A6 /* Window.cpp */ = {isa = PBXFileReference; lastKnownFileType = sourcecode.cpp.cpp; path = Window.cpp; sourceTree = "<group>"; };
		46100CEE247592FE004204A6 /* Window.hpp */ = {isa = PBXFileReference; lastKnownFileType = sourcecode.cpp.h; path = Window.hpp; sourceTree = "<group>"; };
		46100CF0247977E4004204A6 /* Camera.cpp */ = {isa = PBXFileReference; lastKnownFileType = sourcecode.cpp.cpp; path = Camera.cpp; sourceTree = "<group>"; };
		46100CF1247977E4004204A6 /* Camera.hpp */ = {isa = PBXFileReference; lastKnownFileType = sourcecode.cpp.h; path = Camera.hpp; sourceTree = "<group>"; };
		46100CF3247A8AC2004204A6 /* stb_image.h */ = {isa = PBXFileReference; fileEncoding = 4; lastKnownFileType = sourcecode.c.h; name = stb_image.h; path = External/stb_image.h; sourceTree = "<group>"; };
		46100CF5247A8B5A004204A6 /* Texture.cpp */ = {isa = PBXFileReference; lastKnownFileType = sourcecode.cpp.cpp; path = Texture.cpp; sourceTree = "<group>"; };
		46100CF6247A8B5A004204A6 /* Texture.hpp */ = {isa = PBXFileReference; lastKnownFileType = sourcecode.cpp.h; path = Texture.hpp; sourceTree = "<group>"; };
		4647CFC5247AD88F00239DC5 /* Light.cpp */ = {isa = PBXFileReference; lastKnownFileType = sourcecode.cpp.cpp; path = Light.cpp; sourceTree = "<group>"; };
		4647CFC6247AD88F00239DC5 /* Light.hpp */ = {isa = PBXFileReference; lastKnownFileType = sourcecode.cpp.h; path = Light.hpp; sourceTree = "<group>"; };
		4647CFC8247B102800239DC5 /* Material.cpp */ = {isa = PBXFileReference; lastKnownFileType = sourcecode.cpp.cpp; path = Material.cpp; sourceTree = "<group>"; };
		4647CFC9247B102800239DC5 /* Material.hpp */ = {isa = PBXFileReference; lastKnownFileType = sourcecode.cpp.h; path = Material.hpp; sourceTree = "<group>"; };
		4647CFCB247BB9BF00239DC5 /* DirectionalLight.cpp */ = {isa = PBXFileReference; lastKnownFileType = sourcecode.cpp.cpp; path = DirectionalLight.cpp; sourceTree = "<group>"; };
		4647CFCC247BB9BF00239DC5 /* DirectionalLight.hpp */ = {isa = PBXFileReference; lastKnownFileType = sourcecode.cpp.h; path = DirectionalLight.hpp; sourceTree = "<group>"; };
		4647CFCE247BBDB000239DC5 /* PointLight.cpp */ = {isa = PBXFileReference; lastKnownFileType = sourcecode.cpp.cpp; path = PointLight.cpp; sourceTree = "<group>"; };
		4647CFCF247BBDB000239DC5 /* PointLight.hpp */ = {isa = PBXFileReference; lastKnownFileType = sourcecode.cpp.h; path = PointLight.hpp; sourceTree = "<group>"; };
		4647CFD2247BC89C00239DC5 /* CommonValues.hpp */ = {isa = PBXFileReference; lastKnownFileType = sourcecode.cpp.h; path = CommonValues.hpp; sourceTree = "<group>"; };
		46928372247C1F5F00D1819D /* SpotLight.cpp */ = {isa = PBXFileReference; lastKnownFileType = sourcecode.cpp.cpp; path = SpotLight.cpp; sourceTree = "<group>"; };
		46928373247C1F5F00D1819D /* SpotLight.hpp */ = {isa = PBXFileReference; lastKnownFileType = sourcecode.cpp.h; path = SpotLight.hpp; sourceTree = "<group>"; };
		46928375247C3BD600D1819D /* libassimp.5.0.0.dylib */ = {isa = PBXFileReference; lastKnownFileType = "compiled.mach-o.dylib"; name = libassimp.5.0.0.dylib; path = ../../../../usr/local/Cellar/assimp/5.0.1/lib/libassimp.5.0.0.dylib; sourceTree = "<group>"; };
		46928379247C3E9900D1819D /* Model.cpp */ = {isa = PBXFileReference; lastKnownFileType = sourcecode.cpp.cpp; path = Model.cpp; sourceTree = "<group>"; };
		4692837A247C3E9900D1819D /* Model.hpp */ = {isa = PBXFileReference; lastKnownFileType = sourcecode.cpp.h; path = Model.hpp; sourceTree = "<group>"; };
		4692837C247D2C8300D1819D /* ShadowMap.cpp */ = {isa = PBXFileReference; lastKnownFileType = sourcecode.cpp.cpp; path = ShadowMap.cpp; sourceTree = "<group>"; };
		4692837D247D2C8300D1819D /* ShadowMap.hpp */ = {isa = PBXFileReference; lastKnownFileType = sourcecode.cpp.h; path = ShadowMap.hpp; sourceTree = "<group>"; };
		4692837F247D47C800D1819D /* directional_shadow_map.frag */ = {isa = PBXFileReference; fileEncoding = 4; lastKnownFileType = sourcecode.glsl; name = directional_shadow_map.frag; path = Shaders/directional_shadow_map.frag; sourceTree = "<group>"; };
		46928380247D47C800D1819D /* directional_shadow_map.vert */ = {isa = PBXFileReference; fileEncoding = 4; lastKnownFileType = sourcecode.glsl; name = directional_shadow_map.vert; path = Shaders/directional_shadow_map.vert; sourceTree = "<group>"; };
		46928381247D76BA00D1819D /* OmniShadowMap.cpp */ = {isa = PBXFileReference; lastKnownFileType = sourcecode.cpp.cpp; path = OmniShadowMap.cpp; sourceTree = "<group>"; };
		46928382247D76BA00D1819D /* OmniShadowMap.hpp */ = {isa = PBXFileReference; lastKnownFileType = sourcecode.cpp.h; path = OmniShadowMap.hpp; sourceTree = "<group>"; };
		46928384247D7AD100D1819D /* omni_shadow_map.geom */ = {isa = PBXFileReference; fileEncoding = 4; lastKnownFileType = sourcecode.glsl; name = omni_shadow_map.geom; path = Shaders/omni_shadow_map.geom; sourceTree = "<group>"; };
		46928385247D7AD100D1819D /* omni_shadow_map.vert */ = {isa = PBXFileReference; fileEncoding = 4; lastKnownFileType = sourcecode.glsl; name = omni_shadow_map.vert; path = Shaders/omni_shadow_map.vert; sourceTree = "<group>"; };
		46928386247D7AD100D1819D /* omni_shadow_map.frag */ = {isa = PBXFileReference; fileEncoding = 4; lastKnownFileType = sourcecode.glsl; name = omni_shadow_map.frag; path = Shaders/omni_shadow_map.frag; sourceTree = "<group>"; };
/* End PBXFileReference section */

/* Begin PBXFrameworksBuildPhase section */
		46100CCE246D980F004204A6 /* Frameworks */ = {
			isa = PBXFrameworksBuildPhase;
			buildActionMask = 2147483647;
			files = (
				46100CE1246D9920004204A6 /* libglfw.3.3.dylib in Frameworks */,
				46100CDF246D98E5004204A6 /* libGLEW.2.1.0.dylib in Frameworks */,
				46928376247C3BD600D1819D /* libassimp.5.0.0.dylib in Frameworks */,
				46100CDD246D988F004204A6 /* OpenGL.framework in Frameworks */,
			);
			runOnlyForDeploymentPostprocessing = 0;
		};
/* End PBXFrameworksBuildPhase section */

/* Begin PBXGroup section */
		46100CC8246D980F004204A6 = {
			isa = PBXGroup;
			children = (
				46100CD3246D980F004204A6 /* OpenGL Sandbox */,
				46100CD2246D980F004204A6 /* Products */,
				46100CDB246D988F004204A6 /* Frameworks */,
			);
			sourceTree = "<group>";
		};
		46100CD2246D980F004204A6 /* Products */ = {
			isa = PBXGroup;
			children = (
				46100CD1246D980F004204A6 /* OpenGL Sandbox */,
			);
			name = Products;
			sourceTree = "<group>";
		};
		46100CD3246D980F004204A6 /* OpenGL Sandbox */ = {
			isa = PBXGroup;
			children = (
				46100CF4247A8AC9004204A6 /* External */,
				46100CEC247590CB004204A6 /* Shaders */,
				46100CE2246D9C9F004204A6 /* OpenGL Sandbox.entitlements */,
				46100CD4246D980F004204A6 /* main.cpp */,
				4647CFD2247BC89C00239DC5 /* CommonValues.hpp */,
				46100CE3247447D1004204A6 /* Mesh.cpp */,
				46100CE4247447D1004204A6 /* Mesh.hpp */,
				46100CE624757999004204A6 /* Shader.cpp */,
				46100CE724757999004204A6 /* Shader.hpp */,
				46100CED247592FE004204A6 /* Window.cpp */,
				46100CEE247592FE004204A6 /* Window.hpp */,
				46100CF0247977E4004204A6 /* Camera.cpp */,
				46100CF1247977E4004204A6 /* Camera.hpp */,
				46100CF5247A8B5A004204A6 /* Texture.cpp */,
				46100CF6247A8B5A004204A6 /* Texture.hpp */,
				4647CFC5247AD88F00239DC5 /* Light.cpp */,
				4647CFC6247AD88F00239DC5 /* Light.hpp */,
				4647CFC8247B102800239DC5 /* Material.cpp */,
				4647CFC9247B102800239DC5 /* Material.hpp */,
				4647CFCB247BB9BF00239DC5 /* DirectionalLight.cpp */,
				4647CFCC247BB9BF00239DC5 /* DirectionalLight.hpp */,
				4647CFCE247BBDB000239DC5 /* PointLight.cpp */,
				4647CFCF247BBDB000239DC5 /* PointLight.hpp */,
				46928372247C1F5F00D1819D /* SpotLight.cpp */,
				46928373247C1F5F00D1819D /* SpotLight.hpp */,
				46928379247C3E9900D1819D /* Model.cpp */,
				4692837A247C3E9900D1819D /* Model.hpp */,
				4692837C247D2C8300D1819D /* ShadowMap.cpp */,
				4692837D247D2C8300D1819D /* ShadowMap.hpp */,
				46928381247D76BA00D1819D /* OmniShadowMap.cpp */,
				46928382247D76BA00D1819D /* OmniShadowMap.hpp */,
			);
			path = "OpenGL Sandbox";
			sourceTree = "<group>";
		};
		46100CDB246D988F004204A6 /* Frameworks */ = {
			isa = PBXGroup;
			children = (
				46928375247C3BD600D1819D /* libassimp.5.0.0.dylib */,
				46100CE0246D9920004204A6 /* libglfw.3.3.dylib */,
				46100CDE246D98E5004204A6 /* libGLEW.2.1.0.dylib */,
				46100CDC246D988F004204A6 /* OpenGL.framework */,
			);
			name = Frameworks;
			sourceTree = "<group>";
		};
		46100CEC247590CB004204A6 /* Shaders */ = {
			isa = PBXGroup;
			children = (
				46928385247D7AD100D1819D /* omni_shadow_map.vert */,
				46928386247D7AD100D1819D /* omni_shadow_map.frag */,
				46928384247D7AD100D1819D /* omni_shadow_map.geom */,
				46928380247D47C800D1819D /* directional_shadow_map.vert */,
				4692837F247D47C800D1819D /* directional_shadow_map.frag */,
				46100CEA247583FD004204A6 /* shader.vert */,
				46100CE9247583FC004204A6 /* shader.frag */,
			);
			name = Shaders;
			sourceTree = "<group>";
		};
		46100CF4247A8AC9004204A6 /* External */ = {
			isa = PBXGroup;
			children = (
				46100CF3247A8AC2004204A6 /* stb_image.h */,
			);
			name = External;
			sourceTree = "<group>";
		};
/* End PBXGroup section */

/* Begin PBXNativeTarget section */
		46100CD0246D980F004204A6 /* OpenGL Sandbox */ = {
			isa = PBXNativeTarget;
			buildConfigurationList = 46100CD8246D980F004204A6 /* Build configuration list for PBXNativeTarget "OpenGL Sandbox" */;
			buildPhases = (
				46100CCD246D980F004204A6 /* Sources */,
				46100CCE246D980F004204A6 /* Frameworks */,
				46100CCF246D980F004204A6 /* CopyFiles */,
			);
			buildRules = (
			);
			dependencies = (
			);
			name = "OpenGL Sandbox";
			productName = "OpenGL Sandbox";
			productReference = 46100CD1246D980F004204A6 /* OpenGL Sandbox */;
			productType = "com.apple.product-type.tool";
		};
/* End PBXNativeTarget section */

/* Begin PBXProject section */
		46100CC9246D980F004204A6 /* Project object */ = {
			isa = PBXProject;
			attributes = {
				LastUpgradeCheck = 1150;
				ORGANIZATIONNAME = "Lars Andersson";
				TargetAttributes = {
					46100CD0246D980F004204A6 = {
						CreatedOnToolsVersion = 11.4.1;
					};
				};
			};
			buildConfigurationList = 46100CCC246D980F004204A6 /* Build configuration list for PBXProject "OpenGL Sandbox" */;
			compatibilityVersion = "Xcode 9.3";
			developmentRegion = en;
			hasScannedForEncodings = 0;
			knownRegions = (
				en,
				Base,
			);
			mainGroup = 46100CC8246D980F004204A6;
			productRefGroup = 46100CD2246D980F004204A6 /* Products */;
			projectDirPath = "";
			projectRoot = "";
			targets = (
				46100CD0246D980F004204A6 /* OpenGL Sandbox */,
			);
		};
/* End PBXProject section */

/* Begin PBXSourcesBuildPhase section */
		46100CCD246D980F004204A6 /* Sources */ = {
			isa = PBXSourcesBuildPhase;
			buildActionMask = 2147483647;
			files = (
				4647CFC7247AD88F00239DC5 /* Light.cpp in Sources */,
				4647CFD0247BBDB000239DC5 /* PointLight.cpp in Sources */,
				46928374247C1F5F00D1819D /* SpotLight.cpp in Sources */,
				4692837B247C3E9900D1819D /* Model.cpp in Sources */,
				46100CE5247447D1004204A6 /* Mesh.cpp in Sources */,
				4647CFCD247BB9BF00239DC5 /* DirectionalLight.cpp in Sources */,
				46100CE824757999004204A6 /* Shader.cpp in Sources */,
				46100CF2247977E4004204A6 /* Camera.cpp in Sources */,
				4692837E247D2C8300D1819D /* ShadowMap.cpp in Sources */,
				4647CFCA247B102800239DC5 /* Material.cpp in Sources */,
				46100CF7247A8B5A004204A6 /* Texture.cpp in Sources */,
				46928383247D76BA00D1819D /* OmniShadowMap.cpp in Sources */,
				46100CD5246D980F004204A6 /* main.cpp in Sources */,
				46100CEF247592FE004204A6 /* Window.cpp in Sources */,
			);
			runOnlyForDeploymentPostprocessing = 0;
		};
/* End PBXSourcesBuildPhase section */

/* Begin XCBuildConfiguration section */
		46100CD6246D980F004204A6 /* Debug */ = {
			isa = XCBuildConfiguration;
			buildSettings = {
				ALWAYS_SEARCH_USER_PATHS = NO;
				CLANG_ANALYZER_NONNULL = YES;
				CLANG_ANALYZER_NUMBER_OBJECT_CONVERSION = YES_AGGRESSIVE;
				CLANG_CXX_LANGUAGE_STANDARD = "gnu++14";
				CLANG_CXX_LIBRARY = "libc++";
				CLANG_ENABLE_MODULES = YES;
				CLANG_ENABLE_OBJC_ARC = YES;
				CLANG_ENABLE_OBJC_WEAK = YES;
				CLANG_WARN_BLOCK_CAPTURE_AUTORELEASING = YES;
				CLANG_WARN_BOOL_CONVERSION = YES;
				CLANG_WARN_COMMA = YES;
				CLANG_WARN_CONSTANT_CONVERSION = YES;
				CLANG_WARN_DEPRECATED_OBJC_IMPLEMENTATIONS = YES;
				CLANG_WARN_DIRECT_OBJC_ISA_USAGE = YES_ERROR;
				CLANG_WARN_DOCUMENTATION_COMMENTS = YES;
				CLANG_WARN_EMPTY_BODY = YES;
				CLANG_WARN_ENUM_CONVERSION = YES;
				CLANG_WARN_INFINITE_RECURSION = YES;
				CLANG_WARN_INT_CONVERSION = YES;
				CLANG_WARN_NON_LITERAL_NULL_CONVERSION = YES;
				CLANG_WARN_OBJC_IMPLICIT_RETAIN_SELF = YES;
				CLANG_WARN_OBJC_LITERAL_CONVERSION = YES;
				CLANG_WARN_OBJC_ROOT_CLASS = YES_ERROR;
				CLANG_WARN_RANGE_LOOP_ANALYSIS = YES;
				CLANG_WARN_STRICT_PROTOTYPES = YES;
				CLANG_WARN_SUSPICIOUS_MOVE = YES;
				CLANG_WARN_UNGUARDED_AVAILABILITY = YES_AGGRESSIVE;
				CLANG_WARN_UNREACHABLE_CODE = YES;
				CLANG_WARN__DUPLICATE_METHOD_MATCH = YES;
				COPY_PHASE_STRIP = NO;
				DEBUG_INFORMATION_FORMAT = dwarf;
				ENABLE_STRICT_OBJC_MSGSEND = YES;
				ENABLE_TESTABILITY = YES;
				GCC_C_LANGUAGE_STANDARD = gnu11;
				GCC_DYNAMIC_NO_PIC = NO;
				GCC_NO_COMMON_BLOCKS = YES;
				GCC_OPTIMIZATION_LEVEL = 0;
				GCC_PREPROCESSOR_DEFINITIONS = (
					"DEBUG=1",
					"$(inherited)",
				);
				GCC_WARN_64_TO_32_BIT_CONVERSION = YES;
				GCC_WARN_ABOUT_RETURN_TYPE = YES_ERROR;
				GCC_WARN_UNDECLARED_SELECTOR = YES;
				GCC_WARN_UNINITIALIZED_AUTOS = YES_AGGRESSIVE;
				GCC_WARN_UNUSED_FUNCTION = YES;
				GCC_WARN_UNUSED_VARIABLE = YES;
				MACOSX_DEPLOYMENT_TARGET = 10.15;
				MTL_ENABLE_DEBUG_INFO = INCLUDE_SOURCE;
				MTL_FAST_MATH = YES;
				ONLY_ACTIVE_ARCH = YES;
				SDKROOT = macosx;
			};
			name = Debug;
		};
		46100CD7246D980F004204A6 /* Release */ = {
			isa = XCBuildConfiguration;
			buildSettings = {
				ALWAYS_SEARCH_USER_PATHS = NO;
				CLANG_ANALYZER_NONNULL = YES;
				CLANG_ANALYZER_NUMBER_OBJECT_CONVERSION = YES_AGGRESSIVE;
				CLANG_CXX_LANGUAGE_STANDARD = "gnu++14";
				CLANG_CXX_LIBRARY = "libc++";
				CLANG_ENABLE_MODULES = YES;
				CLANG_ENABLE_OBJC_ARC = YES;
				CLANG_ENABLE_OBJC_WEAK = YES;
				CLANG_WARN_BLOCK_CAPTURE_AUTORELEASING = YES;
				CLANG_WARN_BOOL_CONVERSION = YES;
				CLANG_WARN_COMMA = YES;
				CLANG_WARN_CONSTANT_CONVERSION = YES;
				CLANG_WARN_DEPRECATED_OBJC_IMPLEMENTATIONS = YES;
				CLANG_WARN_DIRECT_OBJC_ISA_USAGE = YES_ERROR;
				CLANG_WARN_DOCUMENTATION_COMMENTS = YES;
				CLANG_WARN_EMPTY_BODY = YES;
				CLANG_WARN_ENUM_CONVERSION = YES;
				CLANG_WARN_INFINITE_RECURSION = YES;
				CLANG_WARN_INT_CONVERSION = YES;
				CLANG_WARN_NON_LITERAL_NULL_CONVERSION = YES;
				CLANG_WARN_OBJC_IMPLICIT_RETAIN_SELF = YES;
				CLANG_WARN_OBJC_LITERAL_CONVERSION = YES;
				CLANG_WARN_OBJC_ROOT_CLASS = YES_ERROR;
				CLANG_WARN_RANGE_LOOP_ANALYSIS = YES;
				CLANG_WARN_STRICT_PROTOTYPES = YES;
				CLANG_WARN_SUSPICIOUS_MOVE = YES;
				CLANG_WARN_UNGUARDED_AVAILABILITY = YES_AGGRESSIVE;
				CLANG_WARN_UNREACHABLE_CODE = YES;
				CLANG_WARN__DUPLICATE_METHOD_MATCH = YES;
				COPY_PHASE_STRIP = NO;
				DEBUG_INFORMATION_FORMAT = "dwarf-with-dsym";
				ENABLE_NS_ASSERTIONS = NO;
				ENABLE_STRICT_OBJC_MSGSEND = YES;
				GCC_C_LANGUAGE_STANDARD = gnu11;
				GCC_NO_COMMON_BLOCKS = YES;
				GCC_WARN_64_TO_32_BIT_CONVERSION = YES;
				GCC_WARN_ABOUT_RETURN_TYPE = YES_ERROR;
				GCC_WARN_UNDECLARED_SELECTOR = YES;
				GCC_WARN_UNINITIALIZED_AUTOS = YES_AGGRESSIVE;
				GCC_WARN_UNUSED_FUNCTION = YES;
				GCC_WARN_UNUSED_VARIABLE = YES;
				MACOSX_DEPLOYMENT_TARGET = 10.15;
				MTL_ENABLE_DEBUG_INFO = NO;
				MTL_FAST_MATH = YES;
				SDKROOT = macosx;
			};
			name = Release;
		};
		46100CD9246D980F004204A6 /* Debug */ = {
			isa = XCBuildConfiguration;
			buildSettings = {
				CODE_SIGN_ENTITLEMENTS = "OpenGL Sandbox/OpenGL Sandbox.entitlements";
				CODE_SIGN_IDENTITY = "-";
				CODE_SIGN_STYLE = Automatic;
				DEVELOPMENT_TEAM = 2786ERZGHU;
				ENABLE_HARDENED_RUNTIME = YES;
				HEADER_SEARCH_PATHS = /usr/local/include;
				LIBRARY_SEARCH_PATHS = (
					"$(inherited)",
					/usr/local/Cellar/glew/2.1.0_1/lib,
					/usr/local/Cellar/glfw/3.3.2/lib,
					/usr/local/Cellar/assimp/5.0.1/lib,
				);
				PRODUCT_NAME = "$(TARGET_NAME)";
			};
			name = Debug;
		};
		46100CDA246D980F004204A6 /* Release */ = {
			isa = XCBuildConfiguration;
			buildSettings = {
				CODE_SIGN_ENTITLEMENTS = "OpenGL Sandbox/OpenGL Sandbox.entitlements";
				CODE_SIGN_IDENTITY = "-";
				CODE_SIGN_STYLE = Automatic;
				DEVELOPMENT_TEAM = 2786ERZGHU;
				ENABLE_HARDENED_RUNTIME = YES;
				HEADER_SEARCH_PATHS = /usr/local/include;
				LIBRARY_SEARCH_PATHS = (
					"$(inherited)",
					/usr/local/Cellar/glew/2.1.0_1/lib,
					/usr/local/Cellar/glfw/3.3.2/lib,
					/usr/local/Cellar/assimp/5.0.1/lib,
				);
				PRODUCT_NAME = "$(TARGET_NAME)";
			};
			name = Release;
		};
/* End XCBuildConfiguration section */

/* Begin XCConfigurationList section */
		46100CCC246D980F004204A6 /* Build configuration list for PBXProject "OpenGL Sandbox" */ = {
			isa = XCConfigurationList;
			buildConfigurations = (
				46100CD6246D980F004204A6 /* Debug */,
				46100CD7246D980F004204A6 /* Release */,
			);
			defaultConfigurationIsVisible = 0;
			defaultConfigurationName = Release;
		};
		46100CD8246D980F004204A6 /* Build configuration list for PBXNativeTarget "OpenGL Sandbox" */ = {
			isa = XCConfigurationList;
			buildConfigurations = (
				46100CD9246D980F004204A6 /* Debug */,
				46100CDA246D980F004204A6 /* Release */,
			);
			defaultConfigurationIsVisible = 0;
			defaultConfigurationName = Release;
		};
/* End XCConfigurationList section */
	};
	rootObject = 46100CC9246D980F004204A6 /* Project object */;
}
